{
  "name": "svelte-ssr-dynamic-component-repro",
  "version": "1.0.0",
  "lockfileVersion": 1,
  "requires": true,
  "dependencies": {
    "svelte": {
      "version": "1.57.1",
      "resolved": "https://registry.npmjs.org/svelte/-/svelte-1.57.1.tgz",
      "integrity": "sha512-FyOB78duJXwnJP9PJ0hENV5mGJs+g8riEM1O8swF6r4aYmXKkbvCLwnylzZNJVteCYRYtUC2Ybgh0sFt6TnBQQ=="
    }
  }
}
